// !$*UTF8*$!
{
	archiveVersion = 1;
	classes = {
	};
	objectVersion = 50;
	objects = {

/* Begin PBXBuildFile section */
		9DAE981D253250BE0030C410 /* README.md in Resources */ = {isa = PBXBuildFile; fileRef = 9DAE981C253250BE0030C410 /* README.md */; };
		9DAE98202532510A0030C410 /* .gitignore in Resources */ = {isa = PBXBuildFile; fileRef = 9DAE981F2532510A0030C410 /* .gitignore */; };
		9DC0C1D42556C0C900DF406F /* MoviesList.txt in Resources */ = {isa = PBXBuildFile; fileRef = 9DC0C1D32556C0C900DF406F /* MoviesList.txt */; };
		9DC0C1D72556C10800DF406F /* Movie.swift in Sources */ = {isa = PBXBuildFile; fileRef = 9DC0C1D62556C10800DF406F /* Movie.swift */; };
		9DC0C1DE2556F05000DF406F /* MovieTableViewCell.swift in Sources */ = {isa = PBXBuildFile; fileRef = 9DC0C1DD2556F05000DF406F /* MovieTableViewCell.swift */; };
		9DFAA220251D44E600ED54EC /* AppDelegate.swift in Sources */ = {isa = PBXBuildFile; fileRef = 9DFAA21F251D44E600ED54EC /* AppDelegate.swift */; };
		9DFAA222251D44E600ED54EC /* SceneDelegate.swift in Sources */ = {isa = PBXBuildFile; fileRef = 9DFAA221251D44E600ED54EC /* SceneDelegate.swift */; };
		9DFAA224251D44E600ED54EC /* ViewController.swift in Sources */ = {isa = PBXBuildFile; fileRef = 9DFAA223251D44E600ED54EC /* ViewController.swift */; };
		9DFAA227251D44E600ED54EC /* Main.storyboard in Resources */ = {isa = PBXBuildFile; fileRef = 9DFAA225251D44E600ED54EC /* Main.storyboard */; };
		9DFAA229251D44E700ED54EC /* Assets.xcassets in Resources */ = {isa = PBXBuildFile; fileRef = 9DFAA228251D44E700ED54EC /* Assets.xcassets */; };
		9DFAA22C251D44E700ED54EC /* LaunchScreen.storyboard in Resources */ = {isa = PBXBuildFile; fileRef = 9DFAA22A251D44E700ED54EC /* LaunchScreen.storyboard */; };
/* End PBXBuildFile section */

/* Begin PBXFileReference section */
		9DAE981C253250BE0030C410 /* README.md */ = {isa = PBXFileReference; lastKnownFileType = net.daringfireball.markdown; path = README.md; sourceTree = "<group>"; };
		9DAE981F2532510A0030C410 /* .gitignore */ = {isa = PBXFileReference; lastKnownFileType = text; path = .gitignore; sourceTree = "<group>"; };
		9DC0C1D32556C0C900DF406F /* MoviesList.txt */ = {isa = PBXFileReference; fileEncoding = 4; lastKnownFileType = text; name = MoviesList.txt; path = "../../../Downloads/Programming assignment 3/MoviesList.txt"; sourceTree = "<group>"; };
		9DC0C1D62556C10800DF406F /* Movie.swift */ = {isa = PBXFileReference; lastKnownFileType = sourcecode.swift; path = Movie.swift; sourceTree = "<group>"; };
		9DC0C1DD2556F05000DF406F /* MovieTableViewCell.swift */ = {isa = PBXFileReference; lastKnownFileType = sourcecode.swift; path = MovieTableViewCell.swift; sourceTree = "<group>"; };
		9DFAA21C251D44E600ED54EC /* MyUsefulApp.app */ = {isa = PBXFileReference; explicitFileType = wrapper.application; includeInIndex = 0; path = MyUsefulApp.app; sourceTree = BUILT_PRODUCTS_DIR; };
		9DFAA21F251D44E600ED54EC /* AppDelegate.swift */ = {isa = PBXFileReference; lastKnownFileType = sourcecode.swift; path = AppDelegate.swift; sourceTree = "<group>"; };
		9DFAA221251D44E600ED54EC /* SceneDelegate.swift */ = {isa = PBXFileReference; lastKnownFileType = sourcecode.swift; path = SceneDelegate.swift; sourceTree = "<group>"; };
		9DFAA223251D44E600ED54EC /* ViewController.swift */ = {isa = PBXFileReference; lastKnownFileType = sourcecode.swift; path = ViewController.swift; sourceTree = "<group>"; };
		9DFAA226251D44E600ED54EC /* Base */ = {isa = PBXFileReference; lastKnownFileType = file.storyboard; name = Base; path = Base.lproj/Main.storyboard; sourceTree = "<group>"; };
		9DFAA228251D44E700ED54EC /* Assets.xcassets */ = {isa = PBXFileReference; lastKnownFileType = folder.assetcatalog; path = Assets.xcassets; sourceTree = "<group>"; };
		9DFAA22B251D44E700ED54EC /* Base */ = {isa = PBXFileReference; lastKnownFileType = file.storyboard; name = Base; path = Base.lproj/LaunchScreen.storyboard; sourceTree = "<group>"; };
		9DFAA22D251D44E700ED54EC /* Info.plist */ = {isa = PBXFileReference; lastKnownFileType = text.plist.xml; path = Info.plist; sourceTree = "<group>"; };
/* End PBXFileReference section */

/* Begin PBXFrameworksBuildPhase section */
		9DFAA219251D44E600ED54EC /* Frameworks */ = {
			isa = PBXFrameworksBuildPhase;
			buildActionMask = 2147483647;
			files = (
			);
			runOnlyForDeploymentPostprocessing = 0;
		};
/* End PBXFrameworksBuildPhase section */

/* Begin PBXGroup section */
		9DFAA213251D44E600ED54EC = {
			isa = PBXGroup;
			children = (
				9DC0C1D32556C0C900DF406F /* MoviesList.txt */,
				9DAE981F2532510A0030C410 /* .gitignore */,
				9DAE981C253250BE0030C410 /* README.md */,
				9DFAA21E251D44E600ED54EC /* MyUsefulApp */,
				9DFAA21D251D44E600ED54EC /* Products */,
			);
			sourceTree = "<group>";
		};
		9DFAA21D251D44E600ED54EC /* Products */ = {
			isa = PBXGroup;
			children = (
				9DFAA21C251D44E600ED54EC /* MyUsefulApp.app */,
			);
			name = Products;
			sourceTree = "<group>";
		};
		9DFAA21E251D44E600ED54EC /* MyUsefulApp */ = {
			isa = PBXGroup;
			children = (
				9DFAA21F251D44E600ED54EC /* AppDelegate.swift */,
				9DFAA221251D44E600ED54EC /* SceneDelegate.swift */,
				9DFAA223251D44E600ED54EC /* ViewController.swift */,
				9DFAA225251D44E600ED54EC /* Main.storyboard */,
				9DFAA228251D44E700ED54EC /* Assets.xcassets */,
				9DFAA22A251D44E700ED54EC /* LaunchScreen.storyboard */,
				9DFAA22D251D44E700ED54EC /* Info.plist */,
				9DC0C1D62556C10800DF406F /* Movie.swift */,
				9DC0C1DD2556F05000DF406F /* MovieTableViewCell.swift */,
			);
			path = MyUsefulApp;
			sourceTree = "<group>";
		};
/* End PBXGroup section */

/* Begin PBXNativeTarget section */
		9DFAA21B251D44E600ED54EC /* MyUsefulApp */ = {
			isa = PBXNativeTarget;
			buildConfigurationList = 9DFAA230251D44E700ED54EC /* Build configuration list for PBXNativeTarget "MyUsefulApp" */;
			buildPhases = (
				9DFAA218251D44E600ED54EC /* Sources */,
				9DFAA219251D44E600ED54EC /* Frameworks */,
				9DFAA21A251D44E600ED54EC /* Resources */,
			);
			buildRules = (
			);
			dependencies = (
			);
			name = MyUsefulApp;
			productName = MyUsefulApp;
			productReference = 9DFAA21C251D44E600ED54EC /* MyUsefulApp.app */;
			productType = "com.apple.product-type.application";
		};
/* End PBXNativeTarget section */

/* Begin PBXProject section */
		9DFAA214251D44E600ED54EC /* Project object */ = {
			isa = PBXProject;
			attributes = {
				LastSwiftUpdateCheck = 1200;
				LastUpgradeCheck = 1200;
				TargetAttributes = {
					9DFAA21B251D44E600ED54EC = {
						CreatedOnToolsVersion = 12.0;
					};
				};
			};
			buildConfigurationList = 9DFAA217251D44E600ED54EC /* Build configuration list for PBXProject "MyUsefulApp" */;
			compatibilityVersion = "Xcode 9.3";
			developmentRegion = en;
			hasScannedForEncodings = 0;
			knownRegions = (
				en,
				Base,
			);
			mainGroup = 9DFAA213251D44E600ED54EC;
			productRefGroup = 9DFAA21D251D44E600ED54EC /* Products */;
			projectDirPath = "";
			projectRoot = "";
			targets = (
				9DFAA21B251D44E600ED54EC /* MyUsefulApp */,
			);
		};
/* End PBXProject section */

/* Begin PBXResourcesBuildPhase section */
		9DFAA21A251D44E600ED54EC /* Resources */ = {
			isa = PBXResourcesBuildPhase;
			buildActionMask = 2147483647;
			files = (
				9DAE98202532510A0030C410 /* .gitignore in Resources */,
				9DFAA22C251D44E700ED54EC /* LaunchScreen.storyboard in Resources */,
				9DFAA229251D44E700ED54EC /* Assets.xcassets in Resources */,
				9DC0C1D42556C0C900DF406F /* MoviesList.txt in Resources */,
				9DAE981D253250BE0030C410 /* README.md in Resources */,
				9DFAA227251D44E600ED54EC /* Main.storyboard in Resources */,
			);
			runOnlyForDeploymentPostprocessing = 0;
		};
/* End PBXResourcesBuildPhase section */

/* Begin PBXSourcesBuildPhase section */
		9DFAA218251D44E600ED54EC /* Sources */ = {
			isa = PBXSourcesBuildPhase;
			buildActionMask = 2147483647;
			files = (
				9DC0C1DE2556F05000DF406F /* MovieTableViewCell.swift in Sources */,
				9DFAA224251D44E600ED54EC /* ViewController.swift in Sources */,
				9DFAA220251D44E600ED54EC /* AppDelegate.swift in Sources */,
				9DC0C1D72556C10800DF406F /* Movie.swift in Sources */,
				9DFAA222251D44E600ED54EC /* SceneDelegate.swift in Sources */,
			);
			runOnlyForDeploymentPostprocessing = 0;
		};
/* End PBXSourcesBuildPhase section */

/* Begin PBXVariantGroup section */
		9DFAA225251D44E600ED54EC /* Main.storyboard */ = {
			isa = PBXVariantGroup;
			children = (
				9DFAA226251D44E600ED54EC /* Base */,
			);
			name = Main.storyboard;
			sourceTree = "<group>";
		};
		9DFAA22A251D44E700ED54EC /* LaunchScreen.storyboard */ = {
			isa = PBXVariantGroup;
			children = (
				9DFAA22B251D44E700ED54EC /* Base */,
			);
			name = LaunchScreen.storyboard;
			sourceTree = "<group>";
		};
/* End PBXVariantGroup section */

/* Begin XCBuildConfiguration section */
		9DFAA22E251D44E700ED54EC /* Debug */ = {
			isa = XCBuildConfiguration;
			buildSettings = {
				ALWAYS_SEARCH_USER_PATHS = NO;
				CLANG_ANALYZER_NONNULL = YES;
				CLANG_ANALYZER_NUMBER_OBJECT_CONVERSION = YES_AGGRESSIVE;
				CLANG_CXX_LANGUAGE_STANDARD = "gnu++14";
				CLANG_CXX_LIBRARY = "libc++";
				CLANG_ENABLE_MODULES = YES;
				CLANG_ENABLE_OBJC_ARC = YES;
				CLANG_ENABLE_OBJC_WEAK = YES;
				CLANG_WARN_BLOCK_CAPTURE_AUTORELEASING = YES;
				CLANG_WARN_BOOL_CONVERSION = YES;
				CLANG_WARN_COMMA = YES;
				CLANG_WARN_CONSTANT_CONVERSION = YES;
				CLANG_WARN_DEPRECATED_OBJC_IMPLEMENTATIONS = YES;
				CLANG_WARN_DIRECT_OBJC_ISA_USAGE = YES_ERROR;
				CLANG_WARN_DOCUMENTATION_COMMENTS = YES;
				CLANG_WARN_EMPTY_BODY = YES;
				CLANG_WARN_ENUM_CONVERSION = YES;
				CLANG_WARN_INFINITE_RECURSION = YES;
				CLANG_WARN_INT_CONVERSION = YES;
				CLANG_WARN_NON_LITERAL_NULL_CONVERSION = YES;
				CLANG_WARN_OBJC_IMPLICIT_RETAIN_SELF = YES;
				CLANG_WARN_OBJC_LITERAL_CONVERSION = YES;
				CLANG_WARN_OBJC_ROOT_CLASS = YES_ERROR;
				CLANG_WARN_QUOTED_INCLUDE_IN_FRAMEWORK_HEADER = YES;
				CLANG_WARN_RANGE_LOOP_ANALYSIS = YES;
				CLANG_WARN_STRICT_PROTOTYPES = YES;
				CLANG_WARN_SUSPICIOUS_MOVE = YES;
				CLANG_WARN_UNGUARDED_AVAILABILITY = YES_AGGRESSIVE;
				CLANG_WARN_UNREACHABLE_CODE = YES;
				CLANG_WARN__DUPLICATE_METHOD_MATCH = YES;
				COPY_PHASE_STRIP = NO;
				DEBUG_INFORMATION_FORMAT = dwarf;
				ENABLE_STRICT_OBJC_MSGSEND = YES;
				ENABLE_TESTABILITY = YES;
				GCC_C_LANGUAGE_STANDARD = gnu11;
				GCC_DYNAMIC_NO_PIC = NO;
				GCC_NO_COMMON_BLOCKS = YES;
				GCC_OPTIMIZATION_LEVEL = 0;
				GCC_PREPROCESSOR_DEFINITIONS = (
					"DEBUG=1",
					"$(inherited)",
				);
				GCC_WARN_64_TO_32_BIT_CONVERSION = YES;
				GCC_WARN_ABOUT_RETURN_TYPE = YES_ERROR;
				GCC_WARN_UNDECLARED_SELECTOR = YES;
				GCC_WARN_UNINITIALIZED_AUTOS = YES_AGGRESSIVE;
				GCC_WARN_UNUSED_FUNCTION = YES;
				GCC_WARN_UNUSED_VARIABLE = YES;
				IPHONEOS_DEPLOYMENT_TARGET = 11.0;
				MTL_ENABLE_DEBUG_INFO = INCLUDE_SOURCE;
				MTL_FAST_MATH = YES;
				ONLY_ACTIVE_ARCH = YES;
				SDKROOT = iphoneos;
				SWIFT_ACTIVE_COMPILATION_CONDITIONS = DEBUG;
				SWIFT_OPTIMIZATION_LEVEL = "-Onone";
			};
			name = Debug;
		};
		9DFAA22F251D44E700ED54EC /* Release */ = {
			isa = XCBuildConfiguration;
			buildSettings = {
				ALWAYS_SEARCH_USER_PATHS = NO;
				CLANG_ANALYZER_NONNULL = YES;
				CLANG_ANALYZER_NUMBER_OBJECT_CONVERSION = YES_AGGRESSIVE;
				CLANG_CXX_LANGUAGE_STANDARD = "gnu++14";
				CLANG_CXX_LIBRARY = "libc++";
				CLANG_ENABLE_MODULES = YES;
				CLANG_ENABLE_OBJC_ARC = YES;
				CLANG_ENABLE_OBJC_WEAK = YES;
				CLANG_WARN_BLOCK_CAPTURE_AUTORELEASING = YES;
				CLANG_WARN_BOOL_CONVERSION = YES;
				CLANG_WARN_COMMA = YES;
				CLANG_WARN_CONSTANT_CONVERSION = YES;
				CLANG_WARN_DEPRECATED_OBJC_IMPLEMENTATIONS = YES;
				CLANG_WARN_DIRECT_OBJC_ISA_USAGE = YES_ERROR;
				CLANG_WARN_DOCUMENTATION_COMMENTS = YES;
				CLANG_WARN_EMPTY_BODY = YES;
				CLANG_WARN_ENUM_CONVERSION = YES;
				CLANG_WARN_INFINITE_RECURSION = YES;
				CLANG_WARN_INT_CONVERSION = YES;
				CLANG_WARN_NON_LITERAL_NULL_CONVERSION = YES;
				CLANG_WARN_OBJC_IMPLICIT_RETAIN_SELF = YES;
				CLANG_WARN_OBJC_LITERAL_CONVERSION = YES;
				CLANG_WARN_OBJC_ROOT_CLASS = YES_ERROR;
				CLANG_WARN_QUOTED_INCLUDE_IN_FRAMEWORK_HEADER = YES;
				CLANG_WARN_RANGE_LOOP_ANALYSIS = YES;
				CLANG_WARN_STRICT_PROTOTYPES = YES;
				CLANG_WARN_SUSPICIOUS_MOVE = YES;
				CLANG_WARN_UNGUARDED_AVAILABILITY = YES_AGGRESSIVE;
				CLANG_WARN_UNREACHABLE_CODE = YES;
				CLANG_WARN__DUPLICATE_METHOD_MATCH = YES;
				COPY_PHASE_STRIP = NO;
				DEBUG_INFORMATION_FORMAT = "dwarf-with-dsym";
				ENABLE_NS_ASSERTIONS = NO;
				ENABLE_STRICT_OBJC_MSGSEND = YES;
				GCC_C_LANGUAGE_STANDARD = gnu11;
				GCC_NO_COMMON_BLOCKS = YES;
				GCC_WARN_64_TO_32_BIT_CONVERSION = YES;
				GCC_WARN_ABOUT_RETURN_TYPE = YES_ERROR;
				GCC_WARN_UNDECLARED_SELECTOR = YES;
				GCC_WARN_UNINITIALIZED_AUTOS = YES_AGGRESSIVE;
				GCC_WARN_UNUSED_FUNCTION = YES;
				GCC_WARN_UNUSED_VARIABLE = YES;
				IPHONEOS_DEPLOYMENT_TARGET = 11.0;
				MTL_ENABLE_DEBUG_INFO = NO;
				MTL_FAST_MATH = YES;
				SDKROOT = iphoneos;
				SWIFT_COMPILATION_MODE = wholemodule;
				SWIFT_OPTIMIZATION_LEVEL = "-O";
				VALIDATE_PRODUCT = YES;
			};
			name = Release;
		};
		9DFAA231251D44E700ED54EC /* Debug */ = {
			isa = XCBuildConfiguration;
			buildSettings = {
				ASSETCATALOG_COMPILER_APPICON_NAME = AppIcon;
				ASSETCATALOG_COMPILER_GLOBAL_ACCENT_COLOR_NAME = AccentColor;
				CODE_SIGN_STYLE = Automatic;
				INFOPLIST_FILE = MyUsefulApp/Info.plist;
				LD_RUNPATH_SEARCH_PATHS = (
					"$(inherited)",
					"@executable_path/Frameworks",
				);
				PRODUCT_BUNDLE_IDENTIFIER = ua.kpi.comsys.iv7120.MyUsefulApp;
				PRODUCT_NAME = "$(TARGET_NAME)";
				SWIFT_VERSION = 5.0;
				TARGETED_DEVICE_FAMILY = 1;
			};
			name = Debug;
		};
		9DFAA232251D44E700ED54EC /* Release */ = {
			isa = XCBuildConfiguration;
			buildSettings = {
				ASSETCATALOG_COMPILER_APPICON_NAME = AppIcon;
				ASSETCATALOG_COMPILER_GLOBAL_ACCENT_COLOR_NAME = AccentColor;
				CODE_SIGN_STYLE = Automatic;
				INFOPLIST_FILE = MyUsefulApp/Info.plist;
				LD_RUNPATH_SEARCH_PATHS = (
					"$(inherited)",
					"@executable_path/Frameworks",
				);
				PRODUCT_BUNDLE_IDENTIFIER = ua.kpi.comsys.iv7120.MyUsefulApp;
				PRODUCT_NAME = "$(TARGET_NAME)";
				SWIFT_VERSION = 5.0;
				TARGETED_DEVICE_FAMILY = 1;
			};
			name = Release;
		};
/* End XCBuildConfiguration section */

/* Begin XCConfigurationList section */
		9DFAA217251D44E600ED54EC /* Build configuration list for PBXProject "MyUsefulApp" */ = {
			isa = XCConfigurationList;
			buildConfigurations = (
				9DFAA22E251D44E700ED54EC /* Debug */,
				9DFAA22F251D44E700ED54EC /* Release */,
			);
			defaultConfigurationIsVisible = 0;
			defaultConfigurationName = Release;
		};
		9DFAA230251D44E700ED54EC /* Build configuration list for PBXNativeTarget "MyUsefulApp" */ = {
			isa = XCConfigurationList;
			buildConfigurations = (
				9DFAA231251D44E700ED54EC /* Debug */,
				9DFAA232251D44E700ED54EC /* Release */,
			);
			defaultConfigurationIsVisible = 0;
			defaultConfigurationName = Release;
		};
/* End XCConfigurationList section */
	};
	rootObject = 9DFAA214251D44E600ED54EC /* Project object */;
}
